
Microsoft Visual Studio Solution File, Format Version 12.00
# Visual Studio Version 17
VisualStudioVersion = 17.4.33110.190
MinimumVisualStudioVersion = 10.0.40219.1
Project("{FAE04EC0-301F-11D3-BF4B-00C04F79EFBC}") = "PiggyBank", "PiggyBank\PiggyBank.csproj", "{6DEB433F-C3AF-42A5-A7D9-1DF22AC73AB0}"
EndProject
Global
	GlobalSection(SolutionConfigurationPlatforms) = preSolution
		Debug|Any CPU = Debug|Any CPU
		Release|Any CPU = Release|Any CPU
	EndGlobalSection
	GlobalSection(ProjectConfigurationPlatforms) = postSolution
		{6DEB433F-C3AF-42A5-A7D9-1DF22AC73AB0}.Debug|Any CPU.ActiveCfg = Debug|Any CPU
		{6DEB433F-C3AF-42A5-A7D9-1DF22AC73AB0}.Debug|Any CPU.Build.0 = Debug|Any CPU
		{6DEB433F-C3AF-42A5-A7D9-1DF22AC73AB0}.Release|Any CPU.ActiveCfg = Release|Any CPU
		{6DEB433F-C3AF-42A5-A7D9-1DF22AC73AB0}.Release|Any CPU.Build.0 = Release|Any CPU
	EndGlobalSection
	GlobalSection(SolutionProperties) = preSolution
		HideSolutionNode = FALSE
	EndGlobalSection
	GlobalSection(ExtensibilityGlobals) = postSolution
		SolutionGuid = {5EFAD54A-FA09-4455-A779-E10C51E32557}
	EndGlobalSection
EndGlobal
